
Microsoft Visual Studio Solution File, Format Version 12.00
# Visual Studio Version 17
VisualStudioVersion = 17.2.32516.85
MinimumVisualStudioVersion = 10.0.40219.1
Project("{FAE04EC0-301F-11D3-BF4B-00C04F79EFBC}") = "Ordem crescente(Condicional)", "Ordem crescente(Condicional)\Ordem crescente(Condicional).csproj", "{5FB0BD06-3448-4B92-B689-7FA7D9EB2D98}"
EndProject
Global
	GlobalSection(SolutionConfigurationPlatforms) = preSolution
		Debug|Any CPU = Debug|Any CPU
		Release|Any CPU = Release|Any CPU
	EndGlobalSection
	GlobalSection(ProjectConfigurationPlatforms) = postSolution
		{5FB0BD06-3448-4B92-B689-7FA7D9EB2D98}.Debug|Any CPU.ActiveCfg = Debug|Any CPU
		{5FB0BD06-3448-4B92-B689-7FA7D9EB2D98}.Debug|Any CPU.Build.0 = Debug|Any CPU
		{5FB0BD06-3448-4B92-B689-7FA7D9EB2D98}.Release|Any CPU.ActiveCfg = Release|Any CPU
		{5FB0BD06-3448-4B92-B689-7FA7D9EB2D98}.Release|Any CPU.Build.0 = Release|Any CPU
	EndGlobalSection
	GlobalSection(SolutionProperties) = preSolution
		HideSolutionNode = FALSE
	EndGlobalSection
	GlobalSection(ExtensibilityGlobals) = postSolution
		SolutionGuid = {296AC41B-E9FF-4DBC-BB65-8EF5143D3C38}
	EndGlobalSection
EndGlobal
