
Microsoft Visual Studio Solution File, Format Version 12.00
# Visual Studio Version 17
VisualStudioVersion = 17.2.32516.85
MinimumVisualStudioVersion = 10.0.40219.1
Project("{FAE04EC0-301F-11D3-BF4B-00C04F79EFBC}") = "valor numérico inteiro", "valor numérico inteiro\valor numérico inteiro.csproj", "{BC80EBE0-6B19-49D1-ABD6-0ADDE98F5134}"
EndProject
Global
	GlobalSection(SolutionConfigurationPlatforms) = preSolution
		Debug|Any CPU = Debug|Any CPU
		Release|Any CPU = Release|Any CPU
	EndGlobalSection
	GlobalSection(ProjectConfigurationPlatforms) = postSolution
		{BC80EBE0-6B19-49D1-ABD6-0ADDE98F5134}.Debug|Any CPU.ActiveCfg = Debug|Any CPU
		{BC80EBE0-6B19-49D1-ABD6-0ADDE98F5134}.Debug|Any CPU.Build.0 = Debug|Any CPU
		{BC80EBE0-6B19-49D1-ABD6-0ADDE98F5134}.Release|Any CPU.ActiveCfg = Release|Any CPU
		{BC80EBE0-6B19-49D1-ABD6-0ADDE98F5134}.Release|Any CPU.Build.0 = Release|Any CPU
	EndGlobalSection
	GlobalSection(SolutionProperties) = preSolution
		HideSolutionNode = FALSE
	EndGlobalSection
	GlobalSection(ExtensibilityGlobals) = postSolution
		SolutionGuid = {97B5C65F-6FA2-45CC-A1A4-726A84EEAFA8}
	EndGlobalSection
EndGlobal
