
Microsoft Visual Studio Solution File, Format Version 12.00
# Visual Studio Version 17
VisualStudioVersion = 17.2.32516.85
MinimumVisualStudioVersion = 10.0.40219.1
Project("{FAE04EC0-301F-11D3-BF4B-00C04F79EFBC}") = "Multiplo de 2 e 3", "Multiplo de 2 e 3\Multiplo de 2 e 3.csproj", "{4D3737AD-5FD4-48A1-A1CB-5240ECB99358}"
EndProject
Global
	GlobalSection(SolutionConfigurationPlatforms) = preSolution
		Debug|Any CPU = Debug|Any CPU
		Release|Any CPU = Release|Any CPU
	EndGlobalSection
	GlobalSection(ProjectConfigurationPlatforms) = postSolution
		{4D3737AD-5FD4-48A1-A1CB-5240ECB99358}.Debug|Any CPU.ActiveCfg = Debug|Any CPU
		{4D3737AD-5FD4-48A1-A1CB-5240ECB99358}.Debug|Any CPU.Build.0 = Debug|Any CPU
		{4D3737AD-5FD4-48A1-A1CB-5240ECB99358}.Release|Any CPU.ActiveCfg = Release|Any CPU
		{4D3737AD-5FD4-48A1-A1CB-5240ECB99358}.Release|Any CPU.Build.0 = Release|Any CPU
	EndGlobalSection
	GlobalSection(SolutionProperties) = preSolution
		HideSolutionNode = FALSE
	EndGlobalSection
	GlobalSection(ExtensibilityGlobals) = postSolution
		SolutionGuid = {F520C0BB-BA7B-4B3B-B0A3-E32FBA969559}
	EndGlobalSection
EndGlobal
